
Microsoft Visual Studio Solution File, Format Version 11.00
# Visual Studio 2010
Project("{FAE04EC0-301F-11D3-BF4B-00C04F79EFBC}") = "Monocle", "Monocle\Monocle.csproj", "{8FDB7A50-44CB-4BD2-B4D8-7C1170C774B6}"
EndProject
Project("{FAE04EC0-301F-11D3-BF4B-00C04F79EFBC}") = "Logic_Test", "Logic_Test\Logic_Test.csproj", "{88C5F6B9-7AB4-49A6-A93F-6E3DDB9906E6}"
EndProject
Project("{FAE04EC0-301F-11D3-BF4B-00C04F79EFBC}") = "Utils_Test", "Utils_Test\Utils_Test.csproj", "{EFB89F16-6A0D-4E64-9B2B-B28FD6EF9BB2}"
EndProject
Project("{FAE04EC0-301F-11D3-BF4B-00C04F79EFBC}") = "Graphics_Test", "Graphics_Test\Graphics_Test.csproj", "{42AA29D1-E9DB-4286-920D-D91924A0E641}"
EndProject
Project("{FAE04EC0-301F-11D3-BF4B-00C04F79EFBC}") = "EntityFramework_Test", "EntityFramework_Test\EntityFramework_Test.csproj", "{618D41D8-F99C-4381-83BE-885A0BEEF185}"
EndProject
Project("{FAE04EC0-301F-11D3-BF4B-00C04F79EFBC}") = "Content_Test", "Content_Test\Content_Test.csproj", "{5AD4234C-E189-4E52-A84D-66A7277DD1ED}"
EndProject
Project("{FAE04EC0-301F-11D3-BF4B-00C04F79EFBC}") = "Editor_Test", "Editor_Test\Editor_Test.csproj", "{EA6B2BE3-F56B-4E6B-9E9F-022A1EE4E691}"
EndProject
Project("{FAE04EC0-301F-11D3-BF4B-00C04F79EFBC}") = "GUI_Test", "GUI_Test\GUI_Test.csproj", "{BC4056CD-F384-4FC4-98B6-0DB22A1D2D04}"
EndProject
Project("{FAE04EC0-301F-11D3-BF4B-00C04F79EFBC}") = "Math_Test", "Math_Test\Math_Test.csproj", "{7C50069C-EA36-4327-8C23-5F3E72E99FDE}"
EndProject
Project("{FAE04EC0-301F-11D3-BF4B-00C04F79EFBC}") = "Audio_Test", "Audio_Test\Audio_Test.csproj", "{CA87AC52-49D7-4567-8C53-7EA6F578B503}"
EndProject
Project("{FAE04EC0-301F-11D3-BF4B-00C04F79EFBC}") = "Video_Test", "Video_Test\Video_Test.csproj", "{062E06B4-AB81-4634-BA30-E3DDE5E4F805}"
EndProject
Project("{FAE04EC0-301F-11D3-BF4B-00C04F79EFBC}") = "EditorGUI_Test", "EditorGUI_Test\EditorGUI_Test.csproj", "{123080D0-BCBF-49DF-B8C3-EEBD414F3EEF}"
EndProject
Project("{FAE04EC0-301F-11D3-BF4B-00C04F79EFBC}") = "Network_Test", "Network_Test\Network_Test.csproj", "{66C4912B-9958-48F1-B863-1720A4AC22A0}"
EndProject
Project("{FAE04EC0-301F-11D3-BF4B-00C04F79EFBC}") = "Animation_Test", "Animation_Test\Animation_Test.csproj", "{D7017609-662D-453D-907E-F3631BCA1D3D}"
EndProject
Project("{FAE04EC0-301F-11D3-BF4B-00C04F79EFBC}") = "Collision_Test", "Collision_Test\Collision_Test.csproj", "{8046956C-C45A-4C2F-96BE-4D0D2E055B43}"
EndProject
Project("{FAE04EC0-301F-11D3-BF4B-00C04F79EFBC}") = "Transitions_Test", "Transitions_Test\Transitions_Test.csproj", "{D1BF1588-E099-4406-91EA-B173EC99F935}"
EndProject
Project("{FAE04EC0-301F-11D3-BF4B-00C04F79EFBC}") = "Game_Test", "Game_Test\Game_Test.csproj", "{4A35D3D4-0820-437F-9408-3535B796FCBB}"
EndProject
Global
	GlobalSection(SolutionConfigurationPlatforms) = preSolution
		Debug|Any CPU = Debug|Any CPU
		Debug|Mixed Platforms = Debug|Mixed Platforms
		Debug|x86 = Debug|x86
		Release|Any CPU = Release|Any CPU
		Release|Mixed Platforms = Release|Mixed Platforms
		Release|x86 = Release|x86
	EndGlobalSection
	GlobalSection(ProjectConfigurationPlatforms) = postSolution
		{8FDB7A50-44CB-4BD2-B4D8-7C1170C774B6}.Debug|Any CPU.ActiveCfg = Debug|Any CPU
		{8FDB7A50-44CB-4BD2-B4D8-7C1170C774B6}.Debug|Any CPU.Build.0 = Debug|Any CPU
		{8FDB7A50-44CB-4BD2-B4D8-7C1170C774B6}.Debug|Mixed Platforms.ActiveCfg = Debug|Any CPU
		{8FDB7A50-44CB-4BD2-B4D8-7C1170C774B6}.Debug|Mixed Platforms.Build.0 = Debug|Any CPU
		{8FDB7A50-44CB-4BD2-B4D8-7C1170C774B6}.Debug|x86.ActiveCfg = Debug|Any CPU
		{8FDB7A50-44CB-4BD2-B4D8-7C1170C774B6}.Release|Any CPU.ActiveCfg = Release|Any CPU
		{8FDB7A50-44CB-4BD2-B4D8-7C1170C774B6}.Release|Any CPU.Build.0 = Release|Any CPU
		{8FDB7A50-44CB-4BD2-B4D8-7C1170C774B6}.Release|Mixed Platforms.ActiveCfg = Release|Any CPU
		{8FDB7A50-44CB-4BD2-B4D8-7C1170C774B6}.Release|Mixed Platforms.Build.0 = Release|Any CPU
		{8FDB7A50-44CB-4BD2-B4D8-7C1170C774B6}.Release|x86.ActiveCfg = Release|Any CPU
		{88C5F6B9-7AB4-49A6-A93F-6E3DDB9906E6}.Debug|Any CPU.ActiveCfg = Debug|Any CPU
		{88C5F6B9-7AB4-49A6-A93F-6E3DDB9906E6}.Debug|Any CPU.Build.0 = Debug|Any CPU
		{88C5F6B9-7AB4-49A6-A93F-6E3DDB9906E6}.Debug|Mixed Platforms.ActiveCfg = Debug|Any CPU
		{88C5F6B9-7AB4-49A6-A93F-6E3DDB9906E6}.Debug|Mixed Platforms.Build.0 = Debug|Any CPU
		{88C5F6B9-7AB4-49A6-A93F-6E3DDB9906E6}.Debug|x86.ActiveCfg = Debug|Any CPU
		{88C5F6B9-7AB4-49A6-A93F-6E3DDB9906E6}.Release|Any CPU.ActiveCfg = Release|Any CPU
		{88C5F6B9-7AB4-49A6-A93F-6E3DDB9906E6}.Release|Any CPU.Build.0 = Release|Any CPU
		{88C5F6B9-7AB4-49A6-A93F-6E3DDB9906E6}.Release|Mixed Platforms.ActiveCfg = Release|Any CPU
		{88C5F6B9-7AB4-49A6-A93F-6E3DDB9906E6}.Release|Mixed Platforms.Build.0 = Release|Any CPU
		{88C5F6B9-7AB4-49A6-A93F-6E3DDB9906E6}.Release|x86.ActiveCfg = Release|Any CPU
		{EFB89F16-6A0D-4E64-9B2B-B28FD6EF9BB2}.Debug|Any CPU.ActiveCfg = Debug|Any CPU
		{EFB89F16-6A0D-4E64-9B2B-B28FD6EF9BB2}.Debug|Any CPU.Build.0 = Debug|Any CPU
		{EFB89F16-6A0D-4E64-9B2B-B28FD6EF9BB2}.Debug|Mixed Platforms.ActiveCfg = Debug|Any CPU
		{EFB89F16-6A0D-4E64-9B2B-B28FD6EF9BB2}.Debug|Mixed Platforms.Build.0 = Debug|Any CPU
		{EFB89F16-6A0D-4E64-9B2B-B28FD6EF9BB2}.Debug|x86.ActiveCfg = Debug|Any CPU
		{EFB89F16-6A0D-4E64-9B2B-B28FD6EF9BB2}.Release|Any CPU.ActiveCfg = Release|Any CPU
		{EFB89F16-6A0D-4E64-9B2B-B28FD6EF9BB2}.Release|Any CPU.Build.0 = Release|Any CPU
		{EFB89F16-6A0D-4E64-9B2B-B28FD6EF9BB2}.Release|Mixed Platforms.ActiveCfg = Release|Any CPU
		{EFB89F16-6A0D-4E64-9B2B-B28FD6EF9BB2}.Release|Mixed Platforms.Build.0 = Release|Any CPU
		{EFB89F16-6A0D-4E64-9B2B-B28FD6EF9BB2}.Release|x86.ActiveCfg = Release|Any CPU
		{42AA29D1-E9DB-4286-920D-D91924A0E641}.Debug|Any CPU.ActiveCfg = Debug|x86
		{42AA29D1-E9DB-4286-920D-D91924A0E641}.Debug|Mixed Platforms.ActiveCfg = Debug|x86
		{42AA29D1-E9DB-4286-920D-D91924A0E641}.Debug|Mixed Platforms.Build.0 = Debug|x86
		{42AA29D1-E9DB-4286-920D-D91924A0E641}.Debug|x86.ActiveCfg = Debug|x86
		{42AA29D1-E9DB-4286-920D-D91924A0E641}.Debug|x86.Build.0 = Debug|x86
		{42AA29D1-E9DB-4286-920D-D91924A0E641}.Release|Any CPU.ActiveCfg = Release|x86
		{42AA29D1-E9DB-4286-920D-D91924A0E641}.Release|Mixed Platforms.ActiveCfg = Release|x86
		{42AA29D1-E9DB-4286-920D-D91924A0E641}.Release|Mixed Platforms.Build.0 = Release|x86
		{42AA29D1-E9DB-4286-920D-D91924A0E641}.Release|x86.ActiveCfg = Release|x86
		{42AA29D1-E9DB-4286-920D-D91924A0E641}.Release|x86.Build.0 = Release|x86
		{618D41D8-F99C-4381-83BE-885A0BEEF185}.Debug|Any CPU.ActiveCfg = Debug|Any CPU
		{618D41D8-F99C-4381-83BE-885A0BEEF185}.Debug|Any CPU.Build.0 = Debug|Any CPU
		{618D41D8-F99C-4381-83BE-885A0BEEF185}.Debug|Mixed Platforms.ActiveCfg = Debug|Any CPU
		{618D41D8-F99C-4381-83BE-885A0BEEF185}.Debug|Mixed Platforms.Build.0 = Debug|Any CPU
		{618D41D8-F99C-4381-83BE-885A0BEEF185}.Debug|x86.ActiveCfg = Debug|Any CPU
		{618D41D8-F99C-4381-83BE-885A0BEEF185}.Release|Any CPU.ActiveCfg = Release|Any CPU
		{618D41D8-F99C-4381-83BE-885A0BEEF185}.Release|Any CPU.Build.0 = Release|Any CPU
		{618D41D8-F99C-4381-83BE-885A0BEEF185}.Release|Mixed Platforms.ActiveCfg = Release|Any CPU
		{618D41D8-F99C-4381-83BE-885A0BEEF185}.Release|Mixed Platforms.Build.0 = Release|Any CPU
		{618D41D8-F99C-4381-83BE-885A0BEEF185}.Release|x86.ActiveCfg = Release|Any CPU
		{5AD4234C-E189-4E52-A84D-66A7277DD1ED}.Debug|Any CPU.ActiveCfg = Debug|Any CPU
		{5AD4234C-E189-4E52-A84D-66A7277DD1ED}.Debug|Any CPU.Build.0 = Debug|Any CPU
		{5AD4234C-E189-4E52-A84D-66A7277DD1ED}.Debug|Mixed Platforms.ActiveCfg = Debug|Any CPU
		{5AD4234C-E189-4E52-A84D-66A7277DD1ED}.Debug|Mixed Platforms.Build.0 = Debug|Any CPU
		{5AD4234C-E189-4E52-A84D-66A7277DD1ED}.Debug|x86.ActiveCfg = Debug|Any CPU
		{5AD4234C-E189-4E52-A84D-66A7277DD1ED}.Release|Any CPU.ActiveCfg = Release|Any CPU
		{5AD4234C-E189-4E52-A84D-66A7277DD1ED}.Release|Any CPU.Build.0 = Release|Any CPU
		{5AD4234C-E189-4E52-A84D-66A7277DD1ED}.Release|Mixed Platforms.ActiveCfg = Release|Any CPU
		{5AD4234C-E189-4E52-A84D-66A7277DD1ED}.Release|Mixed Platforms.Build.0 = Release|Any CPU
		{5AD4234C-E189-4E52-A84D-66A7277DD1ED}.Release|x86.ActiveCfg = Release|Any CPU
		{EA6B2BE3-F56B-4E6B-9E9F-022A1EE4E691}.Debug|Any CPU.ActiveCfg = Debug|Any CPU
		{EA6B2BE3-F56B-4E6B-9E9F-022A1EE4E691}.Debug|Any CPU.Build.0 = Debug|Any CPU
		{EA6B2BE3-F56B-4E6B-9E9F-022A1EE4E691}.Debug|Mixed Platforms.ActiveCfg = Debug|Any CPU
		{EA6B2BE3-F56B-4E6B-9E9F-022A1EE4E691}.Debug|Mixed Platforms.Build.0 = Debug|Any CPU
		{EA6B2BE3-F56B-4E6B-9E9F-022A1EE4E691}.Debug|x86.ActiveCfg = Debug|Any CPU
		{EA6B2BE3-F56B-4E6B-9E9F-022A1EE4E691}.Release|Any CPU.ActiveCfg = Release|Any CPU
		{EA6B2BE3-F56B-4E6B-9E9F-022A1EE4E691}.Release|Any CPU.Build.0 = Release|Any CPU
		{EA6B2BE3-F56B-4E6B-9E9F-022A1EE4E691}.Release|Mixed Platforms.ActiveCfg = Release|Any CPU
		{EA6B2BE3-F56B-4E6B-9E9F-022A1EE4E691}.Release|Mixed Platforms.Build.0 = Release|Any CPU
		{EA6B2BE3-F56B-4E6B-9E9F-022A1EE4E691}.Release|x86.ActiveCfg = Release|Any CPU
		{BC4056CD-F384-4FC4-98B6-0DB22A1D2D04}.Debug|Any CPU.ActiveCfg = Debug|Any CPU
		{BC4056CD-F384-4FC4-98B6-0DB22A1D2D04}.Debug|Any CPU.Build.0 = Debug|Any CPU
		{BC4056CD-F384-4FC4-98B6-0DB22A1D2D04}.Debug|Mixed Platforms.ActiveCfg = Debug|Any CPU
		{BC4056CD-F384-4FC4-98B6-0DB22A1D2D04}.Debug|Mixed Platforms.Build.0 = Debug|Any CPU
		{BC4056CD-F384-4FC4-98B6-0DB22A1D2D04}.Debug|x86.ActiveCfg = Debug|Any CPU
		{BC4056CD-F384-4FC4-98B6-0DB22A1D2D04}.Release|Any CPU.ActiveCfg = Release|Any CPU
		{BC4056CD-F384-4FC4-98B6-0DB22A1D2D04}.Release|Any CPU.Build.0 = Release|Any CPU
		{BC4056CD-F384-4FC4-98B6-0DB22A1D2D04}.Release|Mixed Platforms.ActiveCfg = Release|Any CPU
		{BC4056CD-F384-4FC4-98B6-0DB22A1D2D04}.Release|Mixed Platforms.Build.0 = Release|Any CPU
		{BC4056CD-F384-4FC4-98B6-0DB22A1D2D04}.Release|x86.ActiveCfg = Release|Any CPU
		{7C50069C-EA36-4327-8C23-5F3E72E99FDE}.Debug|Any CPU.ActiveCfg = Debug|Any CPU
		{7C50069C-EA36-4327-8C23-5F3E72E99FDE}.Debug|Any CPU.Build.0 = Debug|Any CPU
		{7C50069C-EA36-4327-8C23-5F3E72E99FDE}.Debug|Mixed Platforms.ActiveCfg = Debug|Any CPU
		{7C50069C-EA36-4327-8C23-5F3E72E99FDE}.Debug|Mixed Platforms.Build.0 = Debug|Any CPU
		{7C50069C-EA36-4327-8C23-5F3E72E99FDE}.Debug|x86.ActiveCfg = Debug|Any CPU
		{7C50069C-EA36-4327-8C23-5F3E72E99FDE}.Release|Any CPU.ActiveCfg = Release|Any CPU
		{7C50069C-EA36-4327-8C23-5F3E72E99FDE}.Release|Any CPU.Build.0 = Release|Any CPU
		{7C50069C-EA36-4327-8C23-5F3E72E99FDE}.Release|Mixed Platforms.ActiveCfg = Release|Any CPU
		{7C50069C-EA36-4327-8C23-5F3E72E99FDE}.Release|Mixed Platforms.Build.0 = Release|Any CPU
		{7C50069C-EA36-4327-8C23-5F3E72E99FDE}.Release|x86.ActiveCfg = Release|Any CPU
		{CA87AC52-49D7-4567-8C53-7EA6F578B503}.Debug|Any CPU.ActiveCfg = Debug|Any CPU
		{CA87AC52-49D7-4567-8C53-7EA6F578B503}.Debug|Any CPU.Build.0 = Debug|Any CPU
		{CA87AC52-49D7-4567-8C53-7EA6F578B503}.Debug|Mixed Platforms.ActiveCfg = Debug|Any CPU
		{CA87AC52-49D7-4567-8C53-7EA6F578B503}.Debug|Mixed Platforms.Build.0 = Debug|Any CPU
		{CA87AC52-49D7-4567-8C53-7EA6F578B503}.Debug|x86.ActiveCfg = Debug|Any CPU
		{CA87AC52-49D7-4567-8C53-7EA6F578B503}.Release|Any CPU.ActiveCfg = Release|Any CPU
		{CA87AC52-49D7-4567-8C53-7EA6F578B503}.Release|Any CPU.Build.0 = Release|Any CPU
		{CA87AC52-49D7-4567-8C53-7EA6F578B503}.Release|Mixed Platforms.ActiveCfg = Release|Any CPU
		{CA87AC52-49D7-4567-8C53-7EA6F578B503}.Release|Mixed Platforms.Build.0 = Release|Any CPU
		{CA87AC52-49D7-4567-8C53-7EA6F578B503}.Release|x86.ActiveCfg = Release|Any CPU
		{062E06B4-AB81-4634-BA30-E3DDE5E4F805}.Debug|Any CPU.ActiveCfg = Debug|Any CPU
		{062E06B4-AB81-4634-BA30-E3DDE5E4F805}.Debug|Any CPU.Build.0 = Debug|Any CPU
		{062E06B4-AB81-4634-BA30-E3DDE5E4F805}.Debug|Mixed Platforms.ActiveCfg = Debug|Any CPU
		{062E06B4-AB81-4634-BA30-E3DDE5E4F805}.Debug|Mixed Platforms.Build.0 = Debug|Any CPU
		{062E06B4-AB81-4634-BA30-E3DDE5E4F805}.Debug|x86.ActiveCfg = Debug|Any CPU
		{062E06B4-AB81-4634-BA30-E3DDE5E4F805}.Release|Any CPU.ActiveCfg = Release|Any CPU
		{062E06B4-AB81-4634-BA30-E3DDE5E4F805}.Release|Any CPU.Build.0 = Release|Any CPU
		{062E06B4-AB81-4634-BA30-E3DDE5E4F805}.Release|Mixed Platforms.ActiveCfg = Release|Any CPU
		{062E06B4-AB81-4634-BA30-E3DDE5E4F805}.Release|Mixed Platforms.Build.0 = Release|Any CPU
		{062E06B4-AB81-4634-BA30-E3DDE5E4F805}.Release|x86.ActiveCfg = Release|Any CPU
		{123080D0-BCBF-49DF-B8C3-EEBD414F3EEF}.Debug|Any CPU.ActiveCfg = Debug|Any CPU
		{123080D0-BCBF-49DF-B8C3-EEBD414F3EEF}.Debug|Any CPU.Build.0 = Debug|Any CPU
		{123080D0-BCBF-49DF-B8C3-EEBD414F3EEF}.Debug|Mixed Platforms.ActiveCfg = Debug|Any CPU
		{123080D0-BCBF-49DF-B8C3-EEBD414F3EEF}.Debug|Mixed Platforms.Build.0 = Debug|Any CPU
		{123080D0-BCBF-49DF-B8C3-EEBD414F3EEF}.Debug|x86.ActiveCfg = Debug|Any CPU
		{123080D0-BCBF-49DF-B8C3-EEBD414F3EEF}.Release|Any CPU.ActiveCfg = Release|Any CPU
		{123080D0-BCBF-49DF-B8C3-EEBD414F3EEF}.Release|Any CPU.Build.0 = Release|Any CPU
		{123080D0-BCBF-49DF-B8C3-EEBD414F3EEF}.Release|Mixed Platforms.ActiveCfg = Release|Any CPU
		{123080D0-BCBF-49DF-B8C3-EEBD414F3EEF}.Release|Mixed Platforms.Build.0 = Release|Any CPU
		{123080D0-BCBF-49DF-B8C3-EEBD414F3EEF}.Release|x86.ActiveCfg = Release|Any CPU
		{66C4912B-9958-48F1-B863-1720A4AC22A0}.Debug|Any CPU.ActiveCfg = Debug|Any CPU
		{66C4912B-9958-48F1-B863-1720A4AC22A0}.Debug|Any CPU.Build.0 = Debug|Any CPU
		{66C4912B-9958-48F1-B863-1720A4AC22A0}.Debug|Mixed Platforms.ActiveCfg = Debug|Any CPU
		{66C4912B-9958-48F1-B863-1720A4AC22A0}.Debug|Mixed Platforms.Build.0 = Debug|Any CPU
		{66C4912B-9958-48F1-B863-1720A4AC22A0}.Debug|x86.ActiveCfg = Debug|Any CPU
		{66C4912B-9958-48F1-B863-1720A4AC22A0}.Release|Any CPU.ActiveCfg = Release|Any CPU
		{66C4912B-9958-48F1-B863-1720A4AC22A0}.Release|Any CPU.Build.0 = Release|Any CPU
		{66C4912B-9958-48F1-B863-1720A4AC22A0}.Release|Mixed Platforms.ActiveCfg = Release|Any CPU
		{66C4912B-9958-48F1-B863-1720A4AC22A0}.Release|Mixed Platforms.Build.0 = Release|Any CPU
		{66C4912B-9958-48F1-B863-1720A4AC22A0}.Release|x86.ActiveCfg = Release|Any CPU
		{D7017609-662D-453D-907E-F3631BCA1D3D}.Debug|Any CPU.ActiveCfg = Debug|Any CPU
		{D7017609-662D-453D-907E-F3631BCA1D3D}.Debug|Any CPU.Build.0 = Debug|Any CPU
		{D7017609-662D-453D-907E-F3631BCA1D3D}.Debug|Mixed Platforms.ActiveCfg = Debug|Any CPU
		{D7017609-662D-453D-907E-F3631BCA1D3D}.Debug|Mixed Platforms.Build.0 = Debug|Any CPU
		{D7017609-662D-453D-907E-F3631BCA1D3D}.Debug|x86.ActiveCfg = Debug|Any CPU
		{D7017609-662D-453D-907E-F3631BCA1D3D}.Release|Any CPU.ActiveCfg = Release|Any CPU
		{D7017609-662D-453D-907E-F3631BCA1D3D}.Release|Any CPU.Build.0 = Release|Any CPU
		{D7017609-662D-453D-907E-F3631BCA1D3D}.Release|Mixed Platforms.ActiveCfg = Release|Any CPU
		{D7017609-662D-453D-907E-F3631BCA1D3D}.Release|Mixed Platforms.Build.0 = Release|Any CPU
		{D7017609-662D-453D-907E-F3631BCA1D3D}.Release|x86.ActiveCfg = Release|Any CPU
		{8046956C-C45A-4C2F-96BE-4D0D2E055B43}.Debug|Any CPU.ActiveCfg = Debug|Any CPU
		{8046956C-C45A-4C2F-96BE-4D0D2E055B43}.Debug|Any CPU.Build.0 = Debug|Any CPU
		{8046956C-C45A-4C2F-96BE-4D0D2E055B43}.Debug|Mixed Platforms.ActiveCfg = Debug|Any CPU
		{8046956C-C45A-4C2F-96BE-4D0D2E055B43}.Debug|Mixed Platforms.Build.0 = Debug|Any CPU
		{8046956C-C45A-4C2F-96BE-4D0D2E055B43}.Debug|x86.ActiveCfg = Debug|Any CPU
		{8046956C-C45A-4C2F-96BE-4D0D2E055B43}.Release|Any CPU.ActiveCfg = Release|Any CPU
		{8046956C-C45A-4C2F-96BE-4D0D2E055B43}.Release|Any CPU.Build.0 = Release|Any CPU
		{8046956C-C45A-4C2F-96BE-4D0D2E055B43}.Release|Mixed Platforms.ActiveCfg = Release|Any CPU
		{8046956C-C45A-4C2F-96BE-4D0D2E055B43}.Release|Mixed Platforms.Build.0 = Release|Any CPU
		{8046956C-C45A-4C2F-96BE-4D0D2E055B43}.Release|x86.ActiveCfg = Release|Any CPU
		{D1BF1588-E099-4406-91EA-B173EC99F935}.Debug|Any CPU.ActiveCfg = Debug|Any CPU
		{D1BF1588-E099-4406-91EA-B173EC99F935}.Debug|Any CPU.Build.0 = Debug|Any CPU
		{D1BF1588-E099-4406-91EA-B173EC99F935}.Debug|Mixed Platforms.ActiveCfg = Debug|Any CPU
		{D1BF1588-E099-4406-91EA-B173EC99F935}.Debug|Mixed Platforms.Build.0 = Debug|Any CPU
		{D1BF1588-E099-4406-91EA-B173EC99F935}.Debug|x86.ActiveCfg = Debug|Any CPU
		{D1BF1588-E099-4406-91EA-B173EC99F935}.Release|Any CPU.ActiveCfg = Release|Any CPU
		{D1BF1588-E099-4406-91EA-B173EC99F935}.Release|Any CPU.Build.0 = Release|Any CPU
		{D1BF1588-E099-4406-91EA-B173EC99F935}.Release|Mixed Platforms.ActiveCfg = Release|Any CPU
		{D1BF1588-E099-4406-91EA-B173EC99F935}.Release|Mixed Platforms.Build.0 = Release|Any CPU
		{D1BF1588-E099-4406-91EA-B173EC99F935}.Release|x86.ActiveCfg = Release|Any CPU
		{4A35D3D4-0820-437F-9408-3535B796FCBB}.Debug|Any CPU.ActiveCfg = Debug|Any CPU
		{4A35D3D4-0820-437F-9408-3535B796FCBB}.Debug|Any CPU.Build.0 = Debug|Any CPU
		{4A35D3D4-0820-437F-9408-3535B796FCBB}.Debug|Mixed Platforms.ActiveCfg = Debug|Any CPU
		{4A35D3D4-0820-437F-9408-3535B796FCBB}.Debug|Mixed Platforms.Build.0 = Debug|Any CPU
		{4A35D3D4-0820-437F-9408-3535B796FCBB}.Debug|x86.ActiveCfg = Debug|Any CPU
		{4A35D3D4-0820-437F-9408-3535B796FCBB}.Release|Any CPU.ActiveCfg = Release|Any CPU
		{4A35D3D4-0820-437F-9408-3535B796FCBB}.Release|Any CPU.Build.0 = Release|Any CPU
		{4A35D3D4-0820-437F-9408-3535B796FCBB}.Release|Mixed Platforms.ActiveCfg = Release|Any CPU
		{4A35D3D4-0820-437F-9408-3535B796FCBB}.Release|Mixed Platforms.Build.0 = Release|Any CPU
		{4A35D3D4-0820-437F-9408-3535B796FCBB}.Release|x86.ActiveCfg = Release|Any CPU
	EndGlobalSection
	GlobalSection(SolutionProperties) = preSolution
		HideSolutionNode = FALSE
	EndGlobalSection
EndGlobal
