
Microsoft Visual Studio Solution File, Format Version 11.00
# Visual Studio 2010
Project("{FAE04EC0-301F-11D3-BF4B-00C04F79EFBC}") = "Monocle", "Monocle\Monocle.csproj", "{8FDB7A50-44CB-4BD2-B4D8-7C1170C774B6}"
EndProject
Global
	GlobalSection(SolutionConfigurationPlatforms) = preSolution
		Debug|Any CPU = Debug|Any CPU
		Release|Any CPU = Release|Any CPU
	EndGlobalSection
	GlobalSection(ProjectConfigurationPlatforms) = postSolution
		{8FDB7A50-44CB-4BD2-B4D8-7C1170C774B6}.Debug|Any CPU.ActiveCfg = Debug|Any CPU
		{8FDB7A50-44CB-4BD2-B4D8-7C1170C774B6}.Debug|Any CPU.Build.0 = Debug|Any CPU
		{8FDB7A50-44CB-4BD2-B4D8-7C1170C774B6}.Release|Any CPU.ActiveCfg = Release|Any CPU
		{8FDB7A50-44CB-4BD2-B4D8-7C1170C774B6}.Release|Any CPU.Build.0 = Release|Any CPU
	EndGlobalSection
	GlobalSection(SolutionProperties) = preSolution
		HideSolutionNode = FALSE
	EndGlobalSection
EndGlobal
