
Microsoft Visual Studio Solution File, Format Version 11.00
# Visual Studio 2010
Project("{FAE04EC0-301F-11D3-BF4B-00C04F79EFBC}") = "Monocle", "Monocle\Monocle.csproj", "{8FDB7A50-44CB-4BD2-B4D8-7C1170C774B6}"
EndProject
Project("{FAE04EC0-301F-11D3-BF4B-00C04F79EFBC}") = "Logic", "Logic\Logic.csproj", "{C1EDFD58-1781-4AFE-A640-6DD719F13843}"
EndProject
Project("{FAE04EC0-301F-11D3-BF4B-00C04F79EFBC}") = "Utils", "Utils\Utils.csproj", "{AF421291-A1E3-40CE-9D83-D3D0ECA1F932}"
EndProject
Project("{FAE04EC0-301F-11D3-BF4B-00C04F79EFBC}") = "Logic_Test", "Logic_Test\Logic_Test.csproj", "{88C5F6B9-7AB4-49A6-A93F-6E3DDB9906E6}"
EndProject
Project("{FAE04EC0-301F-11D3-BF4B-00C04F79EFBC}") = "Utils_Test", "Utils_Test\Utils_Test.csproj", "{EFB89F16-6A0D-4E64-9B2B-B28FD6EF9BB2}"
EndProject
Project("{FAE04EC0-301F-11D3-BF4B-00C04F79EFBC}") = "Graphics", "Graphics\Graphics.csproj", "{19F89FEF-F228-43A7-8B61-EB52AC959405}"
EndProject
Project("{FAE04EC0-301F-11D3-BF4B-00C04F79EFBC}") = "Graphics_Test", "Graphics_Test\Graphics_Test.csproj", "{42AA29D1-E9DB-4286-920D-D91924A0E641}"
EndProject
Project("{FAE04EC0-301F-11D3-BF4B-00C04F79EFBC}") = "EntityFramework", "EntityFramework\EntityFramework.csproj", "{8F20FA84-BD1E-4CF6-98CD-5FA107DF1C87}"
EndProject
Project("{FAE04EC0-301F-11D3-BF4B-00C04F79EFBC}") = "EntityFramework_Test", "EntityFramework_Test\EntityFramework_Test.csproj", "{618D41D8-F99C-4381-83BE-885A0BEEF185}"
EndProject
Project("{FAE04EC0-301F-11D3-BF4B-00C04F79EFBC}") = "Editor", "Editor\Editor.csproj", "{1051A5AB-E417-4900-839C-06FE9AB4D7C9}"
EndProject
Project("{FAE04EC0-301F-11D3-BF4B-00C04F79EFBC}") = "Content", "Content\Content.csproj", "{B4EEBEB5-FC6B-4CFE-96BA-8634BE4EC9E8}"
EndProject
Project("{FAE04EC0-301F-11D3-BF4B-00C04F79EFBC}") = "Content_Test", "Content_Test\Content_Test.csproj", "{5AD4234C-E189-4E52-A84D-66A7277DD1ED}"
EndProject
Project("{FAE04EC0-301F-11D3-BF4B-00C04F79EFBC}") = "Editor_Test", "Editor_Test\Editor_Test.csproj", "{EA6B2BE3-F56B-4E6B-9E9F-022A1EE4E691}"
EndProject
Project("{FAE04EC0-301F-11D3-BF4B-00C04F79EFBC}") = "Windowing", "Windowing\Windowing.csproj", "{33702E5D-6F88-41CD-B9ED-68EDF06B705B}"
EndProject
Project("{FAE04EC0-301F-11D3-BF4B-00C04F79EFBC}") = "GUI", "GUI\GUI.csproj", "{95EE8854-C36E-4792-A9EF-0425514C394A}"
EndProject
Project("{FAE04EC0-301F-11D3-BF4B-00C04F79EFBC}") = "GUI_Test", "GUI_Test\GUI_Test.csproj", "{BC4056CD-F384-4FC4-98B6-0DB22A1D2D04}"
EndProject
Project("{FAE04EC0-301F-11D3-BF4B-00C04F79EFBC}") = "Math", "Math\Math.csproj", "{E71EF3AB-2F55-4D19-B4EA-F228BBDA73BE}"
EndProject
Project("{FAE04EC0-301F-11D3-BF4B-00C04F79EFBC}") = "Math_Test", "Math_Test\Math_Test.csproj", "{7C50069C-EA36-4327-8C23-5F3E72E99FDE}"
EndProject
Project("{FAE04EC0-301F-11D3-BF4B-00C04F79EFBC}") = "Audio", "Audio\Audio.csproj", "{48413958-34DD-4F63-B023-61C95C448881}"
EndProject
Project("{FAE04EC0-301F-11D3-BF4B-00C04F79EFBC}") = "Video", "Video\Video.csproj", "{4A0B87A7-AE00-4E46-B917-928B84162726}"
EndProject
Project("{FAE04EC0-301F-11D3-BF4B-00C04F79EFBC}") = "Audio_Test", "Audio_Test\Audio_Test.csproj", "{CA87AC52-49D7-4567-8C53-7EA6F578B503}"
EndProject
Project("{FAE04EC0-301F-11D3-BF4B-00C04F79EFBC}") = "Video_Test", "Video_Test\Video_Test.csproj", "{062E06B4-AB81-4634-BA30-E3DDE5E4F805}"
EndProject
Project("{FAE04EC0-301F-11D3-BF4B-00C04F79EFBC}") = "EditorGUI", "EditorGUI\EditorGUI.csproj", "{8328FB8C-EC1B-4179-B19F-8F6F73850F5A}"
EndProject
Project("{FAE04EC0-301F-11D3-BF4B-00C04F79EFBC}") = "EditorGUI_Test", "EditorGUI_Test\EditorGUI_Test.csproj", "{123080D0-BCBF-49DF-B8C3-EEBD414F3EEF}"
EndProject
Project("{FAE04EC0-301F-11D3-BF4B-00C04F79EFBC}") = "Network", "Network\Network.csproj", "{E297C153-66B2-48C3-BE1A-284EAD6C71E2}"
EndProject
Project("{FAE04EC0-301F-11D3-BF4B-00C04F79EFBC}") = "Network_Test", "Network_Test\Network_Test.csproj", "{66C4912B-9958-48F1-B863-1720A4AC22A0}"
EndProject
Project("{FAE04EC0-301F-11D3-BF4B-00C04F79EFBC}") = "Animation", "Animation\Animation.csproj", "{5DE99ADC-9D0C-4999-854F-5E3D2914F4C1}"
EndProject
Project("{FAE04EC0-301F-11D3-BF4B-00C04F79EFBC}") = "Animation_Test", "Animation_Test\Animation_Test.csproj", "{D7017609-662D-453D-907E-F3631BCA1D3D}"
EndProject
Project("{FAE04EC0-301F-11D3-BF4B-00C04F79EFBC}") = "Collision", "Collision\Collision.csproj", "{22E86F62-4F52-48FB-93E3-0D94824F2179}"
EndProject
Project("{FAE04EC0-301F-11D3-BF4B-00C04F79EFBC}") = "Collision_Test", "Collision_Test\Collision_Test.csproj", "{8046956C-C45A-4C2F-96BE-4D0D2E055B43}"
EndProject
Project("{FAE04EC0-301F-11D3-BF4B-00C04F79EFBC}") = "Transitions", "Transitions\Transitions.csproj", "{C03B0A4D-2099-4CE7-91A5-49013C50739E}"
EndProject
Project("{FAE04EC0-301F-11D3-BF4B-00C04F79EFBC}") = "Transitions_Test", "Transitions_Test\Transitions_Test.csproj", "{D1BF1588-E099-4406-91EA-B173EC99F935}"
EndProject
Project("{FAE04EC0-301F-11D3-BF4B-00C04F79EFBC}") = "Game", "Game\Game.csproj", "{651CE533-F619-4355-B239-8FCDABA30D1E}"
EndProject
Project("{FAE04EC0-301F-11D3-BF4B-00C04F79EFBC}") = "Game_Test", "Game_Test\Game_Test.csproj", "{4A35D3D4-0820-437F-9408-3535B796FCBB}"
EndProject
Project("{FAE04EC0-301F-11D3-BF4B-00C04F79EFBC}") = "Performance", "Performance\Performance.csproj", "{BCC36ACD-34CE-4C0B-87FD-DBA2AB0D9AEA}"
EndProject
Project("{FAE04EC0-301F-11D3-BF4B-00C04F79EFBC}") = "Scripting", "Scripting\Scripting.csproj", "{84CBBC64-7140-46E3-950E-6177349B3ED2}"
EndProject
Global
	GlobalSection(SolutionConfigurationPlatforms) = preSolution
		Debug|Any CPU = Debug|Any CPU
		Debug|Mixed Platforms = Debug|Mixed Platforms
		Debug|x86 = Debug|x86
		Release|Any CPU = Release|Any CPU
		Release|Mixed Platforms = Release|Mixed Platforms
		Release|x86 = Release|x86
	EndGlobalSection
	GlobalSection(ProjectConfigurationPlatforms) = postSolution
		{8FDB7A50-44CB-4BD2-B4D8-7C1170C774B6}.Debug|Any CPU.ActiveCfg = Debug|Any CPU
		{8FDB7A50-44CB-4BD2-B4D8-7C1170C774B6}.Debug|Any CPU.Build.0 = Debug|Any CPU
		{8FDB7A50-44CB-4BD2-B4D8-7C1170C774B6}.Debug|Mixed Platforms.ActiveCfg = Debug|Any CPU
		{8FDB7A50-44CB-4BD2-B4D8-7C1170C774B6}.Debug|Mixed Platforms.Build.0 = Debug|Any CPU
		{8FDB7A50-44CB-4BD2-B4D8-7C1170C774B6}.Debug|x86.ActiveCfg = Debug|Any CPU
		{8FDB7A50-44CB-4BD2-B4D8-7C1170C774B6}.Release|Any CPU.ActiveCfg = Release|Any CPU
		{8FDB7A50-44CB-4BD2-B4D8-7C1170C774B6}.Release|Any CPU.Build.0 = Release|Any CPU
		{8FDB7A50-44CB-4BD2-B4D8-7C1170C774B6}.Release|Mixed Platforms.ActiveCfg = Release|Any CPU
		{8FDB7A50-44CB-4BD2-B4D8-7C1170C774B6}.Release|Mixed Platforms.Build.0 = Release|Any CPU
		{8FDB7A50-44CB-4BD2-B4D8-7C1170C774B6}.Release|x86.ActiveCfg = Release|Any CPU
		{C1EDFD58-1781-4AFE-A640-6DD719F13843}.Debug|Any CPU.ActiveCfg = Debug|Any CPU
		{C1EDFD58-1781-4AFE-A640-6DD719F13843}.Debug|Any CPU.Build.0 = Debug|Any CPU
		{C1EDFD58-1781-4AFE-A640-6DD719F13843}.Debug|Mixed Platforms.ActiveCfg = Debug|Any CPU
		{C1EDFD58-1781-4AFE-A640-6DD719F13843}.Debug|Mixed Platforms.Build.0 = Debug|Any CPU
		{C1EDFD58-1781-4AFE-A640-6DD719F13843}.Debug|x86.ActiveCfg = Debug|Any CPU
		{C1EDFD58-1781-4AFE-A640-6DD719F13843}.Release|Any CPU.ActiveCfg = Release|Any CPU
		{C1EDFD58-1781-4AFE-A640-6DD719F13843}.Release|Any CPU.Build.0 = Release|Any CPU
		{C1EDFD58-1781-4AFE-A640-6DD719F13843}.Release|Mixed Platforms.ActiveCfg = Release|Any CPU
		{C1EDFD58-1781-4AFE-A640-6DD719F13843}.Release|Mixed Platforms.Build.0 = Release|Any CPU
		{C1EDFD58-1781-4AFE-A640-6DD719F13843}.Release|x86.ActiveCfg = Release|Any CPU
		{AF421291-A1E3-40CE-9D83-D3D0ECA1F932}.Debug|Any CPU.ActiveCfg = Debug|Any CPU
		{AF421291-A1E3-40CE-9D83-D3D0ECA1F932}.Debug|Any CPU.Build.0 = Debug|Any CPU
		{AF421291-A1E3-40CE-9D83-D3D0ECA1F932}.Debug|Mixed Platforms.ActiveCfg = Debug|Any CPU
		{AF421291-A1E3-40CE-9D83-D3D0ECA1F932}.Debug|Mixed Platforms.Build.0 = Debug|Any CPU
		{AF421291-A1E3-40CE-9D83-D3D0ECA1F932}.Debug|x86.ActiveCfg = Debug|Any CPU
		{AF421291-A1E3-40CE-9D83-D3D0ECA1F932}.Release|Any CPU.ActiveCfg = Release|Any CPU
		{AF421291-A1E3-40CE-9D83-D3D0ECA1F932}.Release|Any CPU.Build.0 = Release|Any CPU
		{AF421291-A1E3-40CE-9D83-D3D0ECA1F932}.Release|Mixed Platforms.ActiveCfg = Release|Any CPU
		{AF421291-A1E3-40CE-9D83-D3D0ECA1F932}.Release|Mixed Platforms.Build.0 = Release|Any CPU
		{AF421291-A1E3-40CE-9D83-D3D0ECA1F932}.Release|x86.ActiveCfg = Release|Any CPU
		{88C5F6B9-7AB4-49A6-A93F-6E3DDB9906E6}.Debug|Any CPU.ActiveCfg = Debug|Any CPU
		{88C5F6B9-7AB4-49A6-A93F-6E3DDB9906E6}.Debug|Any CPU.Build.0 = Debug|Any CPU
		{88C5F6B9-7AB4-49A6-A93F-6E3DDB9906E6}.Debug|Mixed Platforms.ActiveCfg = Debug|Any CPU
		{88C5F6B9-7AB4-49A6-A93F-6E3DDB9906E6}.Debug|Mixed Platforms.Build.0 = Debug|Any CPU
		{88C5F6B9-7AB4-49A6-A93F-6E3DDB9906E6}.Debug|x86.ActiveCfg = Debug|Any CPU
		{88C5F6B9-7AB4-49A6-A93F-6E3DDB9906E6}.Release|Any CPU.ActiveCfg = Release|Any CPU
		{88C5F6B9-7AB4-49A6-A93F-6E3DDB9906E6}.Release|Any CPU.Build.0 = Release|Any CPU
		{88C5F6B9-7AB4-49A6-A93F-6E3DDB9906E6}.Release|Mixed Platforms.ActiveCfg = Release|Any CPU
		{88C5F6B9-7AB4-49A6-A93F-6E3DDB9906E6}.Release|Mixed Platforms.Build.0 = Release|Any CPU
		{88C5F6B9-7AB4-49A6-A93F-6E3DDB9906E6}.Release|x86.ActiveCfg = Release|Any CPU
		{EFB89F16-6A0D-4E64-9B2B-B28FD6EF9BB2}.Debug|Any CPU.ActiveCfg = Debug|Any CPU
		{EFB89F16-6A0D-4E64-9B2B-B28FD6EF9BB2}.Debug|Any CPU.Build.0 = Debug|Any CPU
		{EFB89F16-6A0D-4E64-9B2B-B28FD6EF9BB2}.Debug|Mixed Platforms.ActiveCfg = Debug|Any CPU
		{EFB89F16-6A0D-4E64-9B2B-B28FD6EF9BB2}.Debug|Mixed Platforms.Build.0 = Debug|Any CPU
		{EFB89F16-6A0D-4E64-9B2B-B28FD6EF9BB2}.Debug|x86.ActiveCfg = Debug|Any CPU
		{EFB89F16-6A0D-4E64-9B2B-B28FD6EF9BB2}.Release|Any CPU.ActiveCfg = Release|Any CPU
		{EFB89F16-6A0D-4E64-9B2B-B28FD6EF9BB2}.Release|Any CPU.Build.0 = Release|Any CPU
		{EFB89F16-6A0D-4E64-9B2B-B28FD6EF9BB2}.Release|Mixed Platforms.ActiveCfg = Release|Any CPU
		{EFB89F16-6A0D-4E64-9B2B-B28FD6EF9BB2}.Release|Mixed Platforms.Build.0 = Release|Any CPU
		{EFB89F16-6A0D-4E64-9B2B-B28FD6EF9BB2}.Release|x86.ActiveCfg = Release|Any CPU
		{19F89FEF-F228-43A7-8B61-EB52AC959405}.Debug|Any CPU.ActiveCfg = Debug|Any CPU
		{19F89FEF-F228-43A7-8B61-EB52AC959405}.Debug|Any CPU.Build.0 = Debug|Any CPU
		{19F89FEF-F228-43A7-8B61-EB52AC959405}.Debug|Mixed Platforms.ActiveCfg = Debug|Any CPU
		{19F89FEF-F228-43A7-8B61-EB52AC959405}.Debug|Mixed Platforms.Build.0 = Debug|Any CPU
		{19F89FEF-F228-43A7-8B61-EB52AC959405}.Debug|x86.ActiveCfg = Debug|Any CPU
		{19F89FEF-F228-43A7-8B61-EB52AC959405}.Release|Any CPU.ActiveCfg = Release|Any CPU
		{19F89FEF-F228-43A7-8B61-EB52AC959405}.Release|Any CPU.Build.0 = Release|Any CPU
		{19F89FEF-F228-43A7-8B61-EB52AC959405}.Release|Mixed Platforms.ActiveCfg = Release|Any CPU
		{19F89FEF-F228-43A7-8B61-EB52AC959405}.Release|Mixed Platforms.Build.0 = Release|Any CPU
		{19F89FEF-F228-43A7-8B61-EB52AC959405}.Release|x86.ActiveCfg = Release|Any CPU
		{42AA29D1-E9DB-4286-920D-D91924A0E641}.Debug|Any CPU.ActiveCfg = Debug|x86
		{42AA29D1-E9DB-4286-920D-D91924A0E641}.Debug|Mixed Platforms.ActiveCfg = Debug|x86
		{42AA29D1-E9DB-4286-920D-D91924A0E641}.Debug|Mixed Platforms.Build.0 = Debug|x86
		{42AA29D1-E9DB-4286-920D-D91924A0E641}.Debug|x86.ActiveCfg = Debug|x86
		{42AA29D1-E9DB-4286-920D-D91924A0E641}.Debug|x86.Build.0 = Debug|x86
		{42AA29D1-E9DB-4286-920D-D91924A0E641}.Release|Any CPU.ActiveCfg = Release|x86
		{42AA29D1-E9DB-4286-920D-D91924A0E641}.Release|Mixed Platforms.ActiveCfg = Release|x86
		{42AA29D1-E9DB-4286-920D-D91924A0E641}.Release|Mixed Platforms.Build.0 = Release|x86
		{42AA29D1-E9DB-4286-920D-D91924A0E641}.Release|x86.ActiveCfg = Release|x86
		{42AA29D1-E9DB-4286-920D-D91924A0E641}.Release|x86.Build.0 = Release|x86
		{8F20FA84-BD1E-4CF6-98CD-5FA107DF1C87}.Debug|Any CPU.ActiveCfg = Debug|Any CPU
		{8F20FA84-BD1E-4CF6-98CD-5FA107DF1C87}.Debug|Any CPU.Build.0 = Debug|Any CPU
		{8F20FA84-BD1E-4CF6-98CD-5FA107DF1C87}.Debug|Mixed Platforms.ActiveCfg = Debug|Any CPU
		{8F20FA84-BD1E-4CF6-98CD-5FA107DF1C87}.Debug|Mixed Platforms.Build.0 = Debug|Any CPU
		{8F20FA84-BD1E-4CF6-98CD-5FA107DF1C87}.Debug|x86.ActiveCfg = Debug|Any CPU
		{8F20FA84-BD1E-4CF6-98CD-5FA107DF1C87}.Release|Any CPU.ActiveCfg = Release|Any CPU
		{8F20FA84-BD1E-4CF6-98CD-5FA107DF1C87}.Release|Any CPU.Build.0 = Release|Any CPU
		{8F20FA84-BD1E-4CF6-98CD-5FA107DF1C87}.Release|Mixed Platforms.ActiveCfg = Release|Any CPU
		{8F20FA84-BD1E-4CF6-98CD-5FA107DF1C87}.Release|Mixed Platforms.Build.0 = Release|Any CPU
		{8F20FA84-BD1E-4CF6-98CD-5FA107DF1C87}.Release|x86.ActiveCfg = Release|Any CPU
		{618D41D8-F99C-4381-83BE-885A0BEEF185}.Debug|Any CPU.ActiveCfg = Debug|Any CPU
		{618D41D8-F99C-4381-83BE-885A0BEEF185}.Debug|Any CPU.Build.0 = Debug|Any CPU
		{618D41D8-F99C-4381-83BE-885A0BEEF185}.Debug|Mixed Platforms.ActiveCfg = Debug|Any CPU
		{618D41D8-F99C-4381-83BE-885A0BEEF185}.Debug|Mixed Platforms.Build.0 = Debug|Any CPU
		{618D41D8-F99C-4381-83BE-885A0BEEF185}.Debug|x86.ActiveCfg = Debug|Any CPU
		{618D41D8-F99C-4381-83BE-885A0BEEF185}.Release|Any CPU.ActiveCfg = Release|Any CPU
		{618D41D8-F99C-4381-83BE-885A0BEEF185}.Release|Any CPU.Build.0 = Release|Any CPU
		{618D41D8-F99C-4381-83BE-885A0BEEF185}.Release|Mixed Platforms.ActiveCfg = Release|Any CPU
		{618D41D8-F99C-4381-83BE-885A0BEEF185}.Release|Mixed Platforms.Build.0 = Release|Any CPU
		{618D41D8-F99C-4381-83BE-885A0BEEF185}.Release|x86.ActiveCfg = Release|Any CPU
		{1051A5AB-E417-4900-839C-06FE9AB4D7C9}.Debug|Any CPU.ActiveCfg = Debug|Any CPU
		{1051A5AB-E417-4900-839C-06FE9AB4D7C9}.Debug|Any CPU.Build.0 = Debug|Any CPU
		{1051A5AB-E417-4900-839C-06FE9AB4D7C9}.Debug|Mixed Platforms.ActiveCfg = Debug|Any CPU
		{1051A5AB-E417-4900-839C-06FE9AB4D7C9}.Debug|Mixed Platforms.Build.0 = Debug|Any CPU
		{1051A5AB-E417-4900-839C-06FE9AB4D7C9}.Debug|x86.ActiveCfg = Debug|Any CPU
		{1051A5AB-E417-4900-839C-06FE9AB4D7C9}.Release|Any CPU.ActiveCfg = Release|Any CPU
		{1051A5AB-E417-4900-839C-06FE9AB4D7C9}.Release|Any CPU.Build.0 = Release|Any CPU
		{1051A5AB-E417-4900-839C-06FE9AB4D7C9}.Release|Mixed Platforms.ActiveCfg = Release|Any CPU
		{1051A5AB-E417-4900-839C-06FE9AB4D7C9}.Release|Mixed Platforms.Build.0 = Release|Any CPU
		{1051A5AB-E417-4900-839C-06FE9AB4D7C9}.Release|x86.ActiveCfg = Release|Any CPU
		{B4EEBEB5-FC6B-4CFE-96BA-8634BE4EC9E8}.Debug|Any CPU.ActiveCfg = Debug|Any CPU
		{B4EEBEB5-FC6B-4CFE-96BA-8634BE4EC9E8}.Debug|Any CPU.Build.0 = Debug|Any CPU
		{B4EEBEB5-FC6B-4CFE-96BA-8634BE4EC9E8}.Debug|Mixed Platforms.ActiveCfg = Debug|Any CPU
		{B4EEBEB5-FC6B-4CFE-96BA-8634BE4EC9E8}.Debug|Mixed Platforms.Build.0 = Debug|Any CPU
		{B4EEBEB5-FC6B-4CFE-96BA-8634BE4EC9E8}.Debug|x86.ActiveCfg = Debug|Any CPU
		{B4EEBEB5-FC6B-4CFE-96BA-8634BE4EC9E8}.Release|Any CPU.ActiveCfg = Release|Any CPU
		{B4EEBEB5-FC6B-4CFE-96BA-8634BE4EC9E8}.Release|Any CPU.Build.0 = Release|Any CPU
		{B4EEBEB5-FC6B-4CFE-96BA-8634BE4EC9E8}.Release|Mixed Platforms.ActiveCfg = Release|Any CPU
		{B4EEBEB5-FC6B-4CFE-96BA-8634BE4EC9E8}.Release|Mixed Platforms.Build.0 = Release|Any CPU
		{B4EEBEB5-FC6B-4CFE-96BA-8634BE4EC9E8}.Release|x86.ActiveCfg = Release|Any CPU
		{5AD4234C-E189-4E52-A84D-66A7277DD1ED}.Debug|Any CPU.ActiveCfg = Debug|Any CPU
		{5AD4234C-E189-4E52-A84D-66A7277DD1ED}.Debug|Any CPU.Build.0 = Debug|Any CPU
		{5AD4234C-E189-4E52-A84D-66A7277DD1ED}.Debug|Mixed Platforms.ActiveCfg = Debug|Any CPU
		{5AD4234C-E189-4E52-A84D-66A7277DD1ED}.Debug|Mixed Platforms.Build.0 = Debug|Any CPU
		{5AD4234C-E189-4E52-A84D-66A7277DD1ED}.Debug|x86.ActiveCfg = Debug|Any CPU
		{5AD4234C-E189-4E52-A84D-66A7277DD1ED}.Release|Any CPU.ActiveCfg = Release|Any CPU
		{5AD4234C-E189-4E52-A84D-66A7277DD1ED}.Release|Any CPU.Build.0 = Release|Any CPU
		{5AD4234C-E189-4E52-A84D-66A7277DD1ED}.Release|Mixed Platforms.ActiveCfg = Release|Any CPU
		{5AD4234C-E189-4E52-A84D-66A7277DD1ED}.Release|Mixed Platforms.Build.0 = Release|Any CPU
		{5AD4234C-E189-4E52-A84D-66A7277DD1ED}.Release|x86.ActiveCfg = Release|Any CPU
		{EA6B2BE3-F56B-4E6B-9E9F-022A1EE4E691}.Debug|Any CPU.ActiveCfg = Debug|Any CPU
		{EA6B2BE3-F56B-4E6B-9E9F-022A1EE4E691}.Debug|Any CPU.Build.0 = Debug|Any CPU
		{EA6B2BE3-F56B-4E6B-9E9F-022A1EE4E691}.Debug|Mixed Platforms.ActiveCfg = Debug|Any CPU
		{EA6B2BE3-F56B-4E6B-9E9F-022A1EE4E691}.Debug|Mixed Platforms.Build.0 = Debug|Any CPU
		{EA6B2BE3-F56B-4E6B-9E9F-022A1EE4E691}.Debug|x86.ActiveCfg = Debug|Any CPU
		{EA6B2BE3-F56B-4E6B-9E9F-022A1EE4E691}.Release|Any CPU.ActiveCfg = Release|Any CPU
		{EA6B2BE3-F56B-4E6B-9E9F-022A1EE4E691}.Release|Any CPU.Build.0 = Release|Any CPU
		{EA6B2BE3-F56B-4E6B-9E9F-022A1EE4E691}.Release|Mixed Platforms.ActiveCfg = Release|Any CPU
		{EA6B2BE3-F56B-4E6B-9E9F-022A1EE4E691}.Release|Mixed Platforms.Build.0 = Release|Any CPU
		{EA6B2BE3-F56B-4E6B-9E9F-022A1EE4E691}.Release|x86.ActiveCfg = Release|Any CPU
		{33702E5D-6F88-41CD-B9ED-68EDF06B705B}.Debug|Any CPU.ActiveCfg = Debug|Any CPU
		{33702E5D-6F88-41CD-B9ED-68EDF06B705B}.Debug|Any CPU.Build.0 = Debug|Any CPU
		{33702E5D-6F88-41CD-B9ED-68EDF06B705B}.Debug|Mixed Platforms.ActiveCfg = Debug|Any CPU
		{33702E5D-6F88-41CD-B9ED-68EDF06B705B}.Debug|Mixed Platforms.Build.0 = Debug|Any CPU
		{33702E5D-6F88-41CD-B9ED-68EDF06B705B}.Debug|x86.ActiveCfg = Debug|Any CPU
		{33702E5D-6F88-41CD-B9ED-68EDF06B705B}.Release|Any CPU.ActiveCfg = Release|Any CPU
		{33702E5D-6F88-41CD-B9ED-68EDF06B705B}.Release|Any CPU.Build.0 = Release|Any CPU
		{33702E5D-6F88-41CD-B9ED-68EDF06B705B}.Release|Mixed Platforms.ActiveCfg = Release|Any CPU
		{33702E5D-6F88-41CD-B9ED-68EDF06B705B}.Release|Mixed Platforms.Build.0 = Release|Any CPU
		{33702E5D-6F88-41CD-B9ED-68EDF06B705B}.Release|x86.ActiveCfg = Release|Any CPU
		{95EE8854-C36E-4792-A9EF-0425514C394A}.Debug|Any CPU.ActiveCfg = Debug|Any CPU
		{95EE8854-C36E-4792-A9EF-0425514C394A}.Debug|Any CPU.Build.0 = Debug|Any CPU
		{95EE8854-C36E-4792-A9EF-0425514C394A}.Debug|Mixed Platforms.ActiveCfg = Debug|Any CPU
		{95EE8854-C36E-4792-A9EF-0425514C394A}.Debug|Mixed Platforms.Build.0 = Debug|Any CPU
		{95EE8854-C36E-4792-A9EF-0425514C394A}.Debug|x86.ActiveCfg = Debug|Any CPU
		{95EE8854-C36E-4792-A9EF-0425514C394A}.Release|Any CPU.ActiveCfg = Release|Any CPU
		{95EE8854-C36E-4792-A9EF-0425514C394A}.Release|Any CPU.Build.0 = Release|Any CPU
		{95EE8854-C36E-4792-A9EF-0425514C394A}.Release|Mixed Platforms.ActiveCfg = Release|Any CPU
		{95EE8854-C36E-4792-A9EF-0425514C394A}.Release|Mixed Platforms.Build.0 = Release|Any CPU
		{95EE8854-C36E-4792-A9EF-0425514C394A}.Release|x86.ActiveCfg = Release|Any CPU
		{BC4056CD-F384-4FC4-98B6-0DB22A1D2D04}.Debug|Any CPU.ActiveCfg = Debug|Any CPU
		{BC4056CD-F384-4FC4-98B6-0DB22A1D2D04}.Debug|Any CPU.Build.0 = Debug|Any CPU
		{BC4056CD-F384-4FC4-98B6-0DB22A1D2D04}.Debug|Mixed Platforms.ActiveCfg = Debug|Any CPU
		{BC4056CD-F384-4FC4-98B6-0DB22A1D2D04}.Debug|Mixed Platforms.Build.0 = Debug|Any CPU
		{BC4056CD-F384-4FC4-98B6-0DB22A1D2D04}.Debug|x86.ActiveCfg = Debug|Any CPU
		{BC4056CD-F384-4FC4-98B6-0DB22A1D2D04}.Release|Any CPU.ActiveCfg = Release|Any CPU
		{BC4056CD-F384-4FC4-98B6-0DB22A1D2D04}.Release|Any CPU.Build.0 = Release|Any CPU
		{BC4056CD-F384-4FC4-98B6-0DB22A1D2D04}.Release|Mixed Platforms.ActiveCfg = Release|Any CPU
		{BC4056CD-F384-4FC4-98B6-0DB22A1D2D04}.Release|Mixed Platforms.Build.0 = Release|Any CPU
		{BC4056CD-F384-4FC4-98B6-0DB22A1D2D04}.Release|x86.ActiveCfg = Release|Any CPU
		{E71EF3AB-2F55-4D19-B4EA-F228BBDA73BE}.Debug|Any CPU.ActiveCfg = Debug|Any CPU
		{E71EF3AB-2F55-4D19-B4EA-F228BBDA73BE}.Debug|Any CPU.Build.0 = Debug|Any CPU
		{E71EF3AB-2F55-4D19-B4EA-F228BBDA73BE}.Debug|Mixed Platforms.ActiveCfg = Debug|Any CPU
		{E71EF3AB-2F55-4D19-B4EA-F228BBDA73BE}.Debug|Mixed Platforms.Build.0 = Debug|Any CPU
		{E71EF3AB-2F55-4D19-B4EA-F228BBDA73BE}.Debug|x86.ActiveCfg = Debug|Any CPU
		{E71EF3AB-2F55-4D19-B4EA-F228BBDA73BE}.Release|Any CPU.ActiveCfg = Release|Any CPU
		{E71EF3AB-2F55-4D19-B4EA-F228BBDA73BE}.Release|Any CPU.Build.0 = Release|Any CPU
		{E71EF3AB-2F55-4D19-B4EA-F228BBDA73BE}.Release|Mixed Platforms.ActiveCfg = Release|Any CPU
		{E71EF3AB-2F55-4D19-B4EA-F228BBDA73BE}.Release|Mixed Platforms.Build.0 = Release|Any CPU
		{E71EF3AB-2F55-4D19-B4EA-F228BBDA73BE}.Release|x86.ActiveCfg = Release|Any CPU
		{7C50069C-EA36-4327-8C23-5F3E72E99FDE}.Debug|Any CPU.ActiveCfg = Debug|Any CPU
		{7C50069C-EA36-4327-8C23-5F3E72E99FDE}.Debug|Any CPU.Build.0 = Debug|Any CPU
		{7C50069C-EA36-4327-8C23-5F3E72E99FDE}.Debug|Mixed Platforms.ActiveCfg = Debug|Any CPU
		{7C50069C-EA36-4327-8C23-5F3E72E99FDE}.Debug|Mixed Platforms.Build.0 = Debug|Any CPU
		{7C50069C-EA36-4327-8C23-5F3E72E99FDE}.Debug|x86.ActiveCfg = Debug|Any CPU
		{7C50069C-EA36-4327-8C23-5F3E72E99FDE}.Release|Any CPU.ActiveCfg = Release|Any CPU
		{7C50069C-EA36-4327-8C23-5F3E72E99FDE}.Release|Any CPU.Build.0 = Release|Any CPU
		{7C50069C-EA36-4327-8C23-5F3E72E99FDE}.Release|Mixed Platforms.ActiveCfg = Release|Any CPU
		{7C50069C-EA36-4327-8C23-5F3E72E99FDE}.Release|Mixed Platforms.Build.0 = Release|Any CPU
		{7C50069C-EA36-4327-8C23-5F3E72E99FDE}.Release|x86.ActiveCfg = Release|Any CPU
		{48413958-34DD-4F63-B023-61C95C448881}.Debug|Any CPU.ActiveCfg = Debug|Any CPU
		{48413958-34DD-4F63-B023-61C95C448881}.Debug|Any CPU.Build.0 = Debug|Any CPU
		{48413958-34DD-4F63-B023-61C95C448881}.Debug|Mixed Platforms.ActiveCfg = Debug|Any CPU
		{48413958-34DD-4F63-B023-61C95C448881}.Debug|Mixed Platforms.Build.0 = Debug|Any CPU
		{48413958-34DD-4F63-B023-61C95C448881}.Debug|x86.ActiveCfg = Debug|Any CPU
		{48413958-34DD-4F63-B023-61C95C448881}.Release|Any CPU.ActiveCfg = Release|Any CPU
		{48413958-34DD-4F63-B023-61C95C448881}.Release|Any CPU.Build.0 = Release|Any CPU
		{48413958-34DD-4F63-B023-61C95C448881}.Release|Mixed Platforms.ActiveCfg = Release|Any CPU
		{48413958-34DD-4F63-B023-61C95C448881}.Release|Mixed Platforms.Build.0 = Release|Any CPU
		{48413958-34DD-4F63-B023-61C95C448881}.Release|x86.ActiveCfg = Release|Any CPU
		{4A0B87A7-AE00-4E46-B917-928B84162726}.Debug|Any CPU.ActiveCfg = Debug|Any CPU
		{4A0B87A7-AE00-4E46-B917-928B84162726}.Debug|Any CPU.Build.0 = Debug|Any CPU
		{4A0B87A7-AE00-4E46-B917-928B84162726}.Debug|Mixed Platforms.ActiveCfg = Debug|Any CPU
		{4A0B87A7-AE00-4E46-B917-928B84162726}.Debug|Mixed Platforms.Build.0 = Debug|Any CPU
		{4A0B87A7-AE00-4E46-B917-928B84162726}.Debug|x86.ActiveCfg = Debug|Any CPU
		{4A0B87A7-AE00-4E46-B917-928B84162726}.Release|Any CPU.ActiveCfg = Release|Any CPU
		{4A0B87A7-AE00-4E46-B917-928B84162726}.Release|Any CPU.Build.0 = Release|Any CPU
		{4A0B87A7-AE00-4E46-B917-928B84162726}.Release|Mixed Platforms.ActiveCfg = Release|Any CPU
		{4A0B87A7-AE00-4E46-B917-928B84162726}.Release|Mixed Platforms.Build.0 = Release|Any CPU
		{4A0B87A7-AE00-4E46-B917-928B84162726}.Release|x86.ActiveCfg = Release|Any CPU
		{CA87AC52-49D7-4567-8C53-7EA6F578B503}.Debug|Any CPU.ActiveCfg = Debug|Any CPU
		{CA87AC52-49D7-4567-8C53-7EA6F578B503}.Debug|Any CPU.Build.0 = Debug|Any CPU
		{CA87AC52-49D7-4567-8C53-7EA6F578B503}.Debug|Mixed Platforms.ActiveCfg = Debug|Any CPU
		{CA87AC52-49D7-4567-8C53-7EA6F578B503}.Debug|Mixed Platforms.Build.0 = Debug|Any CPU
		{CA87AC52-49D7-4567-8C53-7EA6F578B503}.Debug|x86.ActiveCfg = Debug|Any CPU
		{CA87AC52-49D7-4567-8C53-7EA6F578B503}.Release|Any CPU.ActiveCfg = Release|Any CPU
		{CA87AC52-49D7-4567-8C53-7EA6F578B503}.Release|Any CPU.Build.0 = Release|Any CPU
		{CA87AC52-49D7-4567-8C53-7EA6F578B503}.Release|Mixed Platforms.ActiveCfg = Release|Any CPU
		{CA87AC52-49D7-4567-8C53-7EA6F578B503}.Release|Mixed Platforms.Build.0 = Release|Any CPU
		{CA87AC52-49D7-4567-8C53-7EA6F578B503}.Release|x86.ActiveCfg = Release|Any CPU
		{062E06B4-AB81-4634-BA30-E3DDE5E4F805}.Debug|Any CPU.ActiveCfg = Debug|Any CPU
		{062E06B4-AB81-4634-BA30-E3DDE5E4F805}.Debug|Any CPU.Build.0 = Debug|Any CPU
		{062E06B4-AB81-4634-BA30-E3DDE5E4F805}.Debug|Mixed Platforms.ActiveCfg = Debug|Any CPU
		{062E06B4-AB81-4634-BA30-E3DDE5E4F805}.Debug|Mixed Platforms.Build.0 = Debug|Any CPU
		{062E06B4-AB81-4634-BA30-E3DDE5E4F805}.Debug|x86.ActiveCfg = Debug|Any CPU
		{062E06B4-AB81-4634-BA30-E3DDE5E4F805}.Release|Any CPU.ActiveCfg = Release|Any CPU
		{062E06B4-AB81-4634-BA30-E3DDE5E4F805}.Release|Any CPU.Build.0 = Release|Any CPU
		{062E06B4-AB81-4634-BA30-E3DDE5E4F805}.Release|Mixed Platforms.ActiveCfg = Release|Any CPU
		{062E06B4-AB81-4634-BA30-E3DDE5E4F805}.Release|Mixed Platforms.Build.0 = Release|Any CPU
		{062E06B4-AB81-4634-BA30-E3DDE5E4F805}.Release|x86.ActiveCfg = Release|Any CPU
		{8328FB8C-EC1B-4179-B19F-8F6F73850F5A}.Debug|Any CPU.ActiveCfg = Debug|Any CPU
		{8328FB8C-EC1B-4179-B19F-8F6F73850F5A}.Debug|Any CPU.Build.0 = Debug|Any CPU
		{8328FB8C-EC1B-4179-B19F-8F6F73850F5A}.Debug|Mixed Platforms.ActiveCfg = Debug|Any CPU
		{8328FB8C-EC1B-4179-B19F-8F6F73850F5A}.Debug|Mixed Platforms.Build.0 = Debug|Any CPU
		{8328FB8C-EC1B-4179-B19F-8F6F73850F5A}.Debug|x86.ActiveCfg = Debug|Any CPU
		{8328FB8C-EC1B-4179-B19F-8F6F73850F5A}.Release|Any CPU.ActiveCfg = Release|Any CPU
		{8328FB8C-EC1B-4179-B19F-8F6F73850F5A}.Release|Any CPU.Build.0 = Release|Any CPU
		{8328FB8C-EC1B-4179-B19F-8F6F73850F5A}.Release|Mixed Platforms.ActiveCfg = Release|Any CPU
		{8328FB8C-EC1B-4179-B19F-8F6F73850F5A}.Release|Mixed Platforms.Build.0 = Release|Any CPU
		{8328FB8C-EC1B-4179-B19F-8F6F73850F5A}.Release|x86.ActiveCfg = Release|Any CPU
		{123080D0-BCBF-49DF-B8C3-EEBD414F3EEF}.Debug|Any CPU.ActiveCfg = Debug|Any CPU
		{123080D0-BCBF-49DF-B8C3-EEBD414F3EEF}.Debug|Any CPU.Build.0 = Debug|Any CPU
		{123080D0-BCBF-49DF-B8C3-EEBD414F3EEF}.Debug|Mixed Platforms.ActiveCfg = Debug|Any CPU
		{123080D0-BCBF-49DF-B8C3-EEBD414F3EEF}.Debug|Mixed Platforms.Build.0 = Debug|Any CPU
		{123080D0-BCBF-49DF-B8C3-EEBD414F3EEF}.Debug|x86.ActiveCfg = Debug|Any CPU
		{123080D0-BCBF-49DF-B8C3-EEBD414F3EEF}.Release|Any CPU.ActiveCfg = Release|Any CPU
		{123080D0-BCBF-49DF-B8C3-EEBD414F3EEF}.Release|Any CPU.Build.0 = Release|Any CPU
		{123080D0-BCBF-49DF-B8C3-EEBD414F3EEF}.Release|Mixed Platforms.ActiveCfg = Release|Any CPU
		{123080D0-BCBF-49DF-B8C3-EEBD414F3EEF}.Release|Mixed Platforms.Build.0 = Release|Any CPU
		{123080D0-BCBF-49DF-B8C3-EEBD414F3EEF}.Release|x86.ActiveCfg = Release|Any CPU
		{E297C153-66B2-48C3-BE1A-284EAD6C71E2}.Debug|Any CPU.ActiveCfg = Debug|Any CPU
		{E297C153-66B2-48C3-BE1A-284EAD6C71E2}.Debug|Any CPU.Build.0 = Debug|Any CPU
		{E297C153-66B2-48C3-BE1A-284EAD6C71E2}.Debug|Mixed Platforms.ActiveCfg = Debug|Any CPU
		{E297C153-66B2-48C3-BE1A-284EAD6C71E2}.Debug|Mixed Platforms.Build.0 = Debug|Any CPU
		{E297C153-66B2-48C3-BE1A-284EAD6C71E2}.Debug|x86.ActiveCfg = Debug|Any CPU
		{E297C153-66B2-48C3-BE1A-284EAD6C71E2}.Release|Any CPU.ActiveCfg = Release|Any CPU
		{E297C153-66B2-48C3-BE1A-284EAD6C71E2}.Release|Any CPU.Build.0 = Release|Any CPU
		{E297C153-66B2-48C3-BE1A-284EAD6C71E2}.Release|Mixed Platforms.ActiveCfg = Release|Any CPU
		{E297C153-66B2-48C3-BE1A-284EAD6C71E2}.Release|Mixed Platforms.Build.0 = Release|Any CPU
		{E297C153-66B2-48C3-BE1A-284EAD6C71E2}.Release|x86.ActiveCfg = Release|Any CPU
		{66C4912B-9958-48F1-B863-1720A4AC22A0}.Debug|Any CPU.ActiveCfg = Debug|Any CPU
		{66C4912B-9958-48F1-B863-1720A4AC22A0}.Debug|Any CPU.Build.0 = Debug|Any CPU
		{66C4912B-9958-48F1-B863-1720A4AC22A0}.Debug|Mixed Platforms.ActiveCfg = Debug|Any CPU
		{66C4912B-9958-48F1-B863-1720A4AC22A0}.Debug|Mixed Platforms.Build.0 = Debug|Any CPU
		{66C4912B-9958-48F1-B863-1720A4AC22A0}.Debug|x86.ActiveCfg = Debug|Any CPU
		{66C4912B-9958-48F1-B863-1720A4AC22A0}.Release|Any CPU.ActiveCfg = Release|Any CPU
		{66C4912B-9958-48F1-B863-1720A4AC22A0}.Release|Any CPU.Build.0 = Release|Any CPU
		{66C4912B-9958-48F1-B863-1720A4AC22A0}.Release|Mixed Platforms.ActiveCfg = Release|Any CPU
		{66C4912B-9958-48F1-B863-1720A4AC22A0}.Release|Mixed Platforms.Build.0 = Release|Any CPU
		{66C4912B-9958-48F1-B863-1720A4AC22A0}.Release|x86.ActiveCfg = Release|Any CPU
		{5DE99ADC-9D0C-4999-854F-5E3D2914F4C1}.Debug|Any CPU.ActiveCfg = Debug|Any CPU
		{5DE99ADC-9D0C-4999-854F-5E3D2914F4C1}.Debug|Any CPU.Build.0 = Debug|Any CPU
		{5DE99ADC-9D0C-4999-854F-5E3D2914F4C1}.Debug|Mixed Platforms.ActiveCfg = Debug|Any CPU
		{5DE99ADC-9D0C-4999-854F-5E3D2914F4C1}.Debug|Mixed Platforms.Build.0 = Debug|Any CPU
		{5DE99ADC-9D0C-4999-854F-5E3D2914F4C1}.Debug|x86.ActiveCfg = Debug|Any CPU
		{5DE99ADC-9D0C-4999-854F-5E3D2914F4C1}.Release|Any CPU.ActiveCfg = Release|Any CPU
		{5DE99ADC-9D0C-4999-854F-5E3D2914F4C1}.Release|Any CPU.Build.0 = Release|Any CPU
		{5DE99ADC-9D0C-4999-854F-5E3D2914F4C1}.Release|Mixed Platforms.ActiveCfg = Release|Any CPU
		{5DE99ADC-9D0C-4999-854F-5E3D2914F4C1}.Release|Mixed Platforms.Build.0 = Release|Any CPU
		{5DE99ADC-9D0C-4999-854F-5E3D2914F4C1}.Release|x86.ActiveCfg = Release|Any CPU
		{D7017609-662D-453D-907E-F3631BCA1D3D}.Debug|Any CPU.ActiveCfg = Debug|Any CPU
		{D7017609-662D-453D-907E-F3631BCA1D3D}.Debug|Any CPU.Build.0 = Debug|Any CPU
		{D7017609-662D-453D-907E-F3631BCA1D3D}.Debug|Mixed Platforms.ActiveCfg = Debug|Any CPU
		{D7017609-662D-453D-907E-F3631BCA1D3D}.Debug|Mixed Platforms.Build.0 = Debug|Any CPU
		{D7017609-662D-453D-907E-F3631BCA1D3D}.Debug|x86.ActiveCfg = Debug|Any CPU
		{D7017609-662D-453D-907E-F3631BCA1D3D}.Release|Any CPU.ActiveCfg = Release|Any CPU
		{D7017609-662D-453D-907E-F3631BCA1D3D}.Release|Any CPU.Build.0 = Release|Any CPU
		{D7017609-662D-453D-907E-F3631BCA1D3D}.Release|Mixed Platforms.ActiveCfg = Release|Any CPU
		{D7017609-662D-453D-907E-F3631BCA1D3D}.Release|Mixed Platforms.Build.0 = Release|Any CPU
		{D7017609-662D-453D-907E-F3631BCA1D3D}.Release|x86.ActiveCfg = Release|Any CPU
		{22E86F62-4F52-48FB-93E3-0D94824F2179}.Debug|Any CPU.ActiveCfg = Debug|Any CPU
		{22E86F62-4F52-48FB-93E3-0D94824F2179}.Debug|Any CPU.Build.0 = Debug|Any CPU
		{22E86F62-4F52-48FB-93E3-0D94824F2179}.Debug|Mixed Platforms.ActiveCfg = Debug|Any CPU
		{22E86F62-4F52-48FB-93E3-0D94824F2179}.Debug|Mixed Platforms.Build.0 = Debug|Any CPU
		{22E86F62-4F52-48FB-93E3-0D94824F2179}.Debug|x86.ActiveCfg = Debug|Any CPU
		{22E86F62-4F52-48FB-93E3-0D94824F2179}.Release|Any CPU.ActiveCfg = Release|Any CPU
		{22E86F62-4F52-48FB-93E3-0D94824F2179}.Release|Any CPU.Build.0 = Release|Any CPU
		{22E86F62-4F52-48FB-93E3-0D94824F2179}.Release|Mixed Platforms.ActiveCfg = Release|Any CPU
		{22E86F62-4F52-48FB-93E3-0D94824F2179}.Release|Mixed Platforms.Build.0 = Release|Any CPU
		{22E86F62-4F52-48FB-93E3-0D94824F2179}.Release|x86.ActiveCfg = Release|Any CPU
		{8046956C-C45A-4C2F-96BE-4D0D2E055B43}.Debug|Any CPU.ActiveCfg = Debug|Any CPU
		{8046956C-C45A-4C2F-96BE-4D0D2E055B43}.Debug|Any CPU.Build.0 = Debug|Any CPU
		{8046956C-C45A-4C2F-96BE-4D0D2E055B43}.Debug|Mixed Platforms.ActiveCfg = Debug|Any CPU
		{8046956C-C45A-4C2F-96BE-4D0D2E055B43}.Debug|Mixed Platforms.Build.0 = Debug|Any CPU
		{8046956C-C45A-4C2F-96BE-4D0D2E055B43}.Debug|x86.ActiveCfg = Debug|Any CPU
		{8046956C-C45A-4C2F-96BE-4D0D2E055B43}.Release|Any CPU.ActiveCfg = Release|Any CPU
		{8046956C-C45A-4C2F-96BE-4D0D2E055B43}.Release|Any CPU.Build.0 = Release|Any CPU
		{8046956C-C45A-4C2F-96BE-4D0D2E055B43}.Release|Mixed Platforms.ActiveCfg = Release|Any CPU
		{8046956C-C45A-4C2F-96BE-4D0D2E055B43}.Release|Mixed Platforms.Build.0 = Release|Any CPU
		{8046956C-C45A-4C2F-96BE-4D0D2E055B43}.Release|x86.ActiveCfg = Release|Any CPU
		{C03B0A4D-2099-4CE7-91A5-49013C50739E}.Debug|Any CPU.ActiveCfg = Debug|Any CPU
		{C03B0A4D-2099-4CE7-91A5-49013C50739E}.Debug|Any CPU.Build.0 = Debug|Any CPU
		{C03B0A4D-2099-4CE7-91A5-49013C50739E}.Debug|Mixed Platforms.ActiveCfg = Debug|Any CPU
		{C03B0A4D-2099-4CE7-91A5-49013C50739E}.Debug|Mixed Platforms.Build.0 = Debug|Any CPU
		{C03B0A4D-2099-4CE7-91A5-49013C50739E}.Debug|x86.ActiveCfg = Debug|Any CPU
		{C03B0A4D-2099-4CE7-91A5-49013C50739E}.Release|Any CPU.ActiveCfg = Release|Any CPU
		{C03B0A4D-2099-4CE7-91A5-49013C50739E}.Release|Any CPU.Build.0 = Release|Any CPU
		{C03B0A4D-2099-4CE7-91A5-49013C50739E}.Release|Mixed Platforms.ActiveCfg = Release|Any CPU
		{C03B0A4D-2099-4CE7-91A5-49013C50739E}.Release|Mixed Platforms.Build.0 = Release|Any CPU
		{C03B0A4D-2099-4CE7-91A5-49013C50739E}.Release|x86.ActiveCfg = Release|Any CPU
		{D1BF1588-E099-4406-91EA-B173EC99F935}.Debug|Any CPU.ActiveCfg = Debug|Any CPU
		{D1BF1588-E099-4406-91EA-B173EC99F935}.Debug|Any CPU.Build.0 = Debug|Any CPU
		{D1BF1588-E099-4406-91EA-B173EC99F935}.Debug|Mixed Platforms.ActiveCfg = Debug|Any CPU
		{D1BF1588-E099-4406-91EA-B173EC99F935}.Debug|Mixed Platforms.Build.0 = Debug|Any CPU
		{D1BF1588-E099-4406-91EA-B173EC99F935}.Debug|x86.ActiveCfg = Debug|Any CPU
		{D1BF1588-E099-4406-91EA-B173EC99F935}.Release|Any CPU.ActiveCfg = Release|Any CPU
		{D1BF1588-E099-4406-91EA-B173EC99F935}.Release|Any CPU.Build.0 = Release|Any CPU
		{D1BF1588-E099-4406-91EA-B173EC99F935}.Release|Mixed Platforms.ActiveCfg = Release|Any CPU
		{D1BF1588-E099-4406-91EA-B173EC99F935}.Release|Mixed Platforms.Build.0 = Release|Any CPU
		{D1BF1588-E099-4406-91EA-B173EC99F935}.Release|x86.ActiveCfg = Release|Any CPU
		{651CE533-F619-4355-B239-8FCDABA30D1E}.Debug|Any CPU.ActiveCfg = Debug|Any CPU
		{651CE533-F619-4355-B239-8FCDABA30D1E}.Debug|Any CPU.Build.0 = Debug|Any CPU
		{651CE533-F619-4355-B239-8FCDABA30D1E}.Debug|Mixed Platforms.ActiveCfg = Debug|Any CPU
		{651CE533-F619-4355-B239-8FCDABA30D1E}.Debug|Mixed Platforms.Build.0 = Debug|Any CPU
		{651CE533-F619-4355-B239-8FCDABA30D1E}.Debug|x86.ActiveCfg = Debug|Any CPU
		{651CE533-F619-4355-B239-8FCDABA30D1E}.Release|Any CPU.ActiveCfg = Release|Any CPU
		{651CE533-F619-4355-B239-8FCDABA30D1E}.Release|Any CPU.Build.0 = Release|Any CPU
		{651CE533-F619-4355-B239-8FCDABA30D1E}.Release|Mixed Platforms.ActiveCfg = Release|Any CPU
		{651CE533-F619-4355-B239-8FCDABA30D1E}.Release|Mixed Platforms.Build.0 = Release|Any CPU
		{651CE533-F619-4355-B239-8FCDABA30D1E}.Release|x86.ActiveCfg = Release|Any CPU
		{4A35D3D4-0820-437F-9408-3535B796FCBB}.Debug|Any CPU.ActiveCfg = Debug|Any CPU
		{4A35D3D4-0820-437F-9408-3535B796FCBB}.Debug|Any CPU.Build.0 = Debug|Any CPU
		{4A35D3D4-0820-437F-9408-3535B796FCBB}.Debug|Mixed Platforms.ActiveCfg = Debug|Any CPU
		{4A35D3D4-0820-437F-9408-3535B796FCBB}.Debug|Mixed Platforms.Build.0 = Debug|Any CPU
		{4A35D3D4-0820-437F-9408-3535B796FCBB}.Debug|x86.ActiveCfg = Debug|Any CPU
		{4A35D3D4-0820-437F-9408-3535B796FCBB}.Release|Any CPU.ActiveCfg = Release|Any CPU
		{4A35D3D4-0820-437F-9408-3535B796FCBB}.Release|Any CPU.Build.0 = Release|Any CPU
		{4A35D3D4-0820-437F-9408-3535B796FCBB}.Release|Mixed Platforms.ActiveCfg = Release|Any CPU
		{4A35D3D4-0820-437F-9408-3535B796FCBB}.Release|Mixed Platforms.Build.0 = Release|Any CPU
		{4A35D3D4-0820-437F-9408-3535B796FCBB}.Release|x86.ActiveCfg = Release|Any CPU
		{BCC36ACD-34CE-4C0B-87FD-DBA2AB0D9AEA}.Debug|Any CPU.ActiveCfg = Debug|Any CPU
		{BCC36ACD-34CE-4C0B-87FD-DBA2AB0D9AEA}.Debug|Any CPU.Build.0 = Debug|Any CPU
		{BCC36ACD-34CE-4C0B-87FD-DBA2AB0D9AEA}.Debug|Mixed Platforms.ActiveCfg = Debug|Any CPU
		{BCC36ACD-34CE-4C0B-87FD-DBA2AB0D9AEA}.Debug|Mixed Platforms.Build.0 = Debug|Any CPU
		{BCC36ACD-34CE-4C0B-87FD-DBA2AB0D9AEA}.Debug|x86.ActiveCfg = Debug|Any CPU
		{BCC36ACD-34CE-4C0B-87FD-DBA2AB0D9AEA}.Release|Any CPU.ActiveCfg = Release|Any CPU
		{BCC36ACD-34CE-4C0B-87FD-DBA2AB0D9AEA}.Release|Any CPU.Build.0 = Release|Any CPU
		{BCC36ACD-34CE-4C0B-87FD-DBA2AB0D9AEA}.Release|Mixed Platforms.ActiveCfg = Release|Any CPU
		{BCC36ACD-34CE-4C0B-87FD-DBA2AB0D9AEA}.Release|Mixed Platforms.Build.0 = Release|Any CPU
		{BCC36ACD-34CE-4C0B-87FD-DBA2AB0D9AEA}.Release|x86.ActiveCfg = Release|Any CPU
		{84CBBC64-7140-46E3-950E-6177349B3ED2}.Debug|Any CPU.ActiveCfg = Debug|Any CPU
		{84CBBC64-7140-46E3-950E-6177349B3ED2}.Debug|Any CPU.Build.0 = Debug|Any CPU
		{84CBBC64-7140-46E3-950E-6177349B3ED2}.Debug|Mixed Platforms.ActiveCfg = Debug|Any CPU
		{84CBBC64-7140-46E3-950E-6177349B3ED2}.Debug|Mixed Platforms.Build.0 = Debug|Any CPU
		{84CBBC64-7140-46E3-950E-6177349B3ED2}.Debug|x86.ActiveCfg = Debug|Any CPU
		{84CBBC64-7140-46E3-950E-6177349B3ED2}.Release|Any CPU.ActiveCfg = Release|Any CPU
		{84CBBC64-7140-46E3-950E-6177349B3ED2}.Release|Any CPU.Build.0 = Release|Any CPU
		{84CBBC64-7140-46E3-950E-6177349B3ED2}.Release|Mixed Platforms.ActiveCfg = Release|Any CPU
		{84CBBC64-7140-46E3-950E-6177349B3ED2}.Release|Mixed Platforms.Build.0 = Release|Any CPU
		{84CBBC64-7140-46E3-950E-6177349B3ED2}.Release|x86.ActiveCfg = Release|Any CPU
	EndGlobalSection
	GlobalSection(SolutionProperties) = preSolution
		HideSolutionNode = FALSE
	EndGlobalSection
EndGlobal
